Microsoft Visual Studio Solution File, Format Version 12.00
# Visual Studio 2012
Project("{FAE04EC0-301F-11D3-BF4B-00C04F79EFBC}") = "Rhythm Mania", "Rhythm Mania.csproj", "{F82FEF1B-9C7E-435F-A1FD-55DF6B65B4DD}"
EndProject
Global
	GlobalSection(SolutionConfigurationPlatforms) = preSolution
	Debug|Any CPU = Debug|Any CPU
	ExportDebug|Any CPU = ExportDebug|Any CPU
	ExportRelease|Any CPU = ExportRelease|Any CPU
	EndGlobalSection
	GlobalSection(ProjectConfigurationPlatforms) = postSolution
		{F82FEF1B-9C7E-435F-A1FD-55DF6B65B4DD}.Debug|Any CPU.ActiveCfg = Debug|Any CPU
		{F82FEF1B-9C7E-435F-A1FD-55DF6B65B4DD}.Debug|Any CPU.Build.0 = Debug|Any CPU
		{F82FEF1B-9C7E-435F-A1FD-55DF6B65B4DD}.ExportDebug|Any CPU.ActiveCfg = ExportDebug|Any CPU
		{F82FEF1B-9C7E-435F-A1FD-55DF6B65B4DD}.ExportDebug|Any CPU.Build.0 = ExportDebug|Any CPU
		{F82FEF1B-9C7E-435F-A1FD-55DF6B65B4DD}.ExportRelease|Any CPU.ActiveCfg = ExportRelease|Any CPU
		{F82FEF1B-9C7E-435F-A1FD-55DF6B65B4DD}.ExportRelease|Any CPU.Build.0 = ExportRelease|Any CPU
	EndGlobalSection
EndGlobal
